// !$*UTF8*$!
{
	archiveVersion = 1;
	classes = {
	};
	objectVersion = 50;
	objects = {

/* Begin PBXBuildFile section */
		7FFF0BDE269C386200355406 /* AppDelegate.swift in Sources */ = {isa = PBXBuildFile; fileRef = 7FFF0BDD269C386200355406 /* AppDelegate.swift */; };
		7FFF0BE0269C386200355406 /* SceneDelegate.swift in Sources */ = {isa = PBXBuildFile; fileRef = 7FFF0BDF269C386200355406 /* SceneDelegate.swift */; };
		7FFF0BE2269C386200355406 /* ViewController.swift in Sources */ = {isa = PBXBuildFile; fileRef = 7FFF0BE1269C386200355406 /* ViewController.swift */; };
		7FFF0BE5269C386200355406 /* Main.storyboard in Resources */ = {isa = PBXBuildFile; fileRef = 7FFF0BE3269C386200355406 /* Main.storyboard */; };
		7FFF0BE7269C386E00355406 /* Assets.xcassets in Resources */ = {isa = PBXBuildFile; fileRef = 7FFF0BE6269C386E00355406 /* Assets.xcassets */; };
		7FFF0BEA269C386E00355406 /* LaunchScreen.storyboard in Resources */ = {isa = PBXBuildFile; fileRef = 7FFF0BE8269C386E00355406 /* LaunchScreen.storyboard */; };
		7FFF0BF8269C8E3F00355406 /* SecondViewController.swift in Sources */ = {isa = PBXBuildFile; fileRef = 7FFF0BF7269C8E3F00355406 /* SecondViewController.swift */; };
		7FFF0C05269DBF3500355406 /* OFL.txt in Resources */ = {isa = PBXBuildFile; fileRef = 7FFF0C00269DBF3500355406 /* OFL.txt */; };
		7FFF0C06269DBF3500355406 /* Almarai-ExtraBold.ttf in Resources */ = {isa = PBXBuildFile; fileRef = 7FFF0C01269DBF3500355406 /* Almarai-ExtraBold.ttf */; };
		7FFF0C07269DBF3500355406 /* Almarai-Light.ttf in Resources */ = {isa = PBXBuildFile; fileRef = 7FFF0C02269DBF3500355406 /* Almarai-Light.ttf */; };
		7FFF0C08269DBF3500355406 /* Almarai-Regular.ttf in Resources */ = {isa = PBXBuildFile; fileRef = 7FFF0C03269DBF3500355406 /* Almarai-Regular.ttf */; };
		7FFF0C09269DBF3500355406 /* Almarai-Bold.ttf in Resources */ = {isa = PBXBuildFile; fileRef = 7FFF0C04269DBF3500355406 /* Almarai-Bold.ttf */; };
		7FFF0C0C269DCF1400355406 /* VerificationViewController.swift in Sources */ = {isa = PBXBuildFile; fileRef = 7FFF0C0B269DCF1400355406 /* VerificationViewController.swift */; };
		7FFF0C11269DD4A200355406 /* YourNameViewController.swift in Sources */ = {isa = PBXBuildFile; fileRef = 7FFF0C10269DD4A100355406 /* YourNameViewController.swift */; };
/* End PBXBuildFile section */

/* Begin PBXFileReference section */
		7FFF0BDA269C386200355406 /* Task 1.app */ = {isa = PBXFileReference; explicitFileType = wrapper.application; includeInIndex = 0; path = "Task 1.app"; sourceTree = BUILT_PRODUCTS_DIR; };
		7FFF0BDD269C386200355406 /* AppDelegate.swift */ = {isa = PBXFileReference; lastKnownFileType = sourcecode.swift; path = AppDelegate.swift; sourceTree = "<group>"; };
		7FFF0BDF269C386200355406 /* SceneDelegate.swift */ = {isa = PBXFileReference; lastKnownFileType = sourcecode.swift; path = SceneDelegate.swift; sourceTree = "<group>"; };
		7FFF0BE1269C386200355406 /* ViewController.swift */ = {isa = PBXFileReference; lastKnownFileType = sourcecode.swift; path = ViewController.swift; sourceTree = "<group>"; };
		7FFF0BE4269C386200355406 /* Base */ = {isa = PBXFileReference; lastKnownFileType = file.storyboard; name = Base; path = Base.lproj/Main.storyboard; sourceTree = "<group>"; };
		7FFF0BE6269C386E00355406 /* Assets.xcassets */ = {isa = PBXFileReference; lastKnownFileType = folder.assetcatalog; path = Assets.xcassets; sourceTree = "<group>"; };
		7FFF0BE9269C386E00355406 /* Base */ = {isa = PBXFileReference; lastKnownFileType = file.storyboard; name = Base; path = Base.lproj/LaunchScreen.storyboard; sourceTree = "<group>"; };
		7FFF0BEB269C386E00355406 /* Info.plist */ = {isa = PBXFileReference; lastKnownFileType = text.plist.xml; path = Info.plist; sourceTree = "<group>"; };
		7FFF0BF7269C8E3F00355406 /* SecondViewController.swift */ = {isa = PBXFileReference; lastKnownFileType = sourcecode.swift; path = SecondViewController.swift; sourceTree = "<group>"; };
		7FFF0C00269DBF3500355406 /* OFL.txt */ = {isa = PBXFileReference; fileEncoding = 4; lastKnownFileType = text; path = OFL.txt; sourceTree = "<group>"; };
		7FFF0C01269DBF3500355406 /* Almarai-ExtraBold.ttf */ = {isa = PBXFileReference; lastKnownFileType = file; path = "Almarai-ExtraBold.ttf"; sourceTree = "<group>"; };
		7FFF0C02269DBF3500355406 /* Almarai-Light.ttf */ = {isa = PBXFileReference; lastKnownFileType = file; path = "Almarai-Light.ttf"; sourceTree = "<group>"; };
		7FFF0C03269DBF3500355406 /* Almarai-Regular.ttf */ = {isa = PBXFileReference; lastKnownFileType = file; path = "Almarai-Regular.ttf"; sourceTree = "<group>"; };
		7FFF0C04269DBF3500355406 /* Almarai-Bold.ttf */ = {isa = PBXFileReference; lastKnownFileType = file; path = "Almarai-Bold.ttf"; sourceTree = "<group>"; };
		7FFF0C0B269DCF1400355406 /* VerificationViewController.swift */ = {isa = PBXFileReference; lastKnownFileType = sourcecode.swift; path = VerificationViewController.swift; sourceTree = "<group>"; };
		7FFF0C10269DD4A100355406 /* YourNameViewController.swift */ = {isa = PBXFileReference; lastKnownFileType = sourcecode.swift; path = YourNameViewController.swift; sourceTree = "<group>"; };
/* End PBXFileReference section */

/* Begin PBXFrameworksBuildPhase section */
		7FFF0BD7269C386200355406 /* Frameworks */ = {
			isa = PBXFrameworksBuildPhase;
			buildActionMask = 2147483647;
			files = (
			);
			runOnlyForDeploymentPostprocessing = 0;
		};
/* End PBXFrameworksBuildPhase section */

/* Begin PBXGroup section */
		7FFF0BD1269C386200355406 = {
			isa = PBXGroup;
			children = (
				7FFF0BDC269C386200355406 /* Task 1 */,
				7FFF0BDB269C386200355406 /* Products */,
			);
			sourceTree = "<group>";
		};
		7FFF0BDB269C386200355406 /* Products */ = {
			isa = PBXGroup;
			children = (
				7FFF0BDA269C386200355406 /* Task 1.app */,
			);
			name = Products;
			sourceTree = "<group>";
		};
		7FFF0BDC269C386200355406 /* Task 1 */ = {
			isa = PBXGroup;
			children = (
				7FFF0BFD269DA91000355406 /* Fonts */,
				7FFF0BFB269DA8F800355406 /* Model */,
				7FFF0BFC269DA90800355406 /* View */,
				7FFF0C1C269EEC4400355406 /* Controller */,
				7FFF0BDD269C386200355406 /* AppDelegate.swift */,
				7FFF0BDF269C386200355406 /* SceneDelegate.swift */,
				7FFF0BE6269C386E00355406 /* Assets.xcassets */,
				7FFF0BE8269C386E00355406 /* LaunchScreen.storyboard */,
				7FFF0BEB269C386E00355406 /* Info.plist */,
			);
			path = "Task 1";
			sourceTree = "<group>";
		};
		7FFF0BFB269DA8F800355406 /* Model */ = {
			isa = PBXGroup;
			children = (
			);
			path = Model;
			sourceTree = "<group>";
		};
		7FFF0BFC269DA90800355406 /* View */ = {
			isa = PBXGroup;
			children = (
				7FFF0BE3269C386200355406 /* Main.storyboard */,
			);
			path = View;
			sourceTree = "<group>";
		};
		7FFF0BFD269DA91000355406 /* Fonts */ = {
			isa = PBXGroup;
			children = (
				7FFF0C04269DBF3500355406 /* Almarai-Bold.ttf */,
				7FFF0C01269DBF3500355406 /* Almarai-ExtraBold.ttf */,
				7FFF0C02269DBF3500355406 /* Almarai-Light.ttf */,
				7FFF0C03269DBF3500355406 /* Almarai-Regular.ttf */,
				7FFF0C00269DBF3500355406 /* OFL.txt */,
			);
			path = Fonts;
			sourceTree = "<group>";
		};
		7FFF0C1C269EEC4400355406 /* Controller */ = {
			isa = PBXGroup;
			children = (
				7FFF0BE1269C386200355406 /* ViewController.swift */,
				7FFF0BF7269C8E3F00355406 /* SecondViewController.swift */,
				7FFF0C0B269DCF1400355406 /* VerificationViewController.swift */,
				7FFF0C10269DD4A100355406 /* YourNameViewController.swift */,
			);
			path = Controller;
			sourceTree = "<group>";
		};
/* End PBXGroup section */

/* Begin PBXNativeTarget section */
		7FFF0BD9269C386200355406 /* Task 1 */ = {
			isa = PBXNativeTarget;
			buildConfigurationList = 7FFF0BEE269C386E00355406 /* Build configuration list for PBXNativeTarget "Task 1" */;
			buildPhases = (
				7FFF0BD6269C386200355406 /* Sources */,
				7FFF0BD7269C386200355406 /* Frameworks */,
				7FFF0BD8269C386200355406 /* Resources */,
			);
			buildRules = (
			);
			dependencies = (
			);
			name = "Task 1";
			productName = "Task 1";
			productReference = 7FFF0BDA269C386200355406 /* Task 1.app */;
			productType = "com.apple.product-type.application";
		};
/* End PBXNativeTarget section */

/* Begin PBXProject section */
		7FFF0BD2269C386200355406 /* Project object */ = {
			isa = PBXProject;
			attributes = {
				LastSwiftUpdateCheck = 1210;
				LastUpgradeCheck = 1210;
				TargetAttributes = {
					7FFF0BD9269C386200355406 = {
						CreatedOnToolsVersion = 12.1;
					};
				};
			};
			buildConfigurationList = 7FFF0BD5269C386200355406 /* Build configuration list for PBXProject "Task 1" */;
			compatibilityVersion = "Xcode 9.3";
			developmentRegion = en;
			hasScannedForEncodings = 0;
			knownRegions = (
				en,
				Base,
			);
			mainGroup = 7FFF0BD1269C386200355406;
			productRefGroup = 7FFF0BDB269C386200355406 /* Products */;
			projectDirPath = "";
			projectRoot = "";
			targets = (
				7FFF0BD9269C386200355406 /* Task 1 */,
			);
		};
/* End PBXProject section */

/* Begin PBXResourcesBuildPhase section */
		7FFF0BD8269C386200355406 /* Resources */ = {
			isa = PBXResourcesBuildPhase;
			buildActionMask = 2147483647;
			files = (
				7FFF0BEA269C386E00355406 /* LaunchScreen.storyboard in Resources */,
				7FFF0C09269DBF3500355406 /* Almarai-Bold.ttf in Resources */,
				7FFF0C07269DBF3500355406 /* Almarai-Light.ttf in Resources */,
				7FFF0BE7269C386E00355406 /* Assets.xcassets in Resources */,
				7FFF0C08269DBF3500355406 /* Almarai-Regular.ttf in Resources */,
				7FFF0C05269DBF3500355406 /* OFL.txt in Resources */,
				7FFF0BE5269C386200355406 /* Main.storyboard in Resources */,
				7FFF0C06269DBF3500355406 /* Almarai-ExtraBold.ttf in Resources */,
			);
			runOnlyForDeploymentPostprocessing = 0;
		};
/* End PBXResourcesBuildPhase section */

/* Begin PBXSourcesBuildPhase section */
		7FFF0BD6269C386200355406 /* Sources */ = {
			isa = PBXSourcesBuildPhase;
			buildActionMask = 2147483647;
			files = (
				7FFF0C11269DD4A200355406 /* YourNameViewController.swift in Sources */,
				7FFF0BF8269C8E3F00355406 /* SecondViewController.swift in Sources */,
				7FFF0BE2269C386200355406 /* ViewController.swift in Sources */,
				7FFF0C0C269DCF1400355406 /* VerificationViewController.swift in Sources */,
				7FFF0BDE269C386200355406 /* AppDelegate.swift in Sources */,
				7FFF0BE0269C386200355406 /* SceneDelegate.swift in Sources */,
			);
			runOnlyForDeploymentPostprocessing = 0;
		};
/* End PBXSourcesBuildPhase section */

/* Begin PBXVariantGroup section */
		7FFF0BE3269C386200355406 /* Main.storyboard */ = {
			isa = PBXVariantGroup;
			children = (
				7FFF0BE4269C386200355406 /* Base */,
			);
			name = Main.storyboard;
			sourceTree = "<group>";
		};
		7FFF0BE8269C386E00355406 /* LaunchScreen.storyboard */ = {
			isa = PBXVariantGroup;
			children = (
				7FFF0BE9269C386E00355406 /* Base */,
			);
			name = LaunchScreen.storyboard;
			sourceTree = "<group>";
		};
/* End PBXVariantGroup section */

/* Begin XCBuildConfiguration section */
		7FFF0BEC269C386E00355406 /* Debug */ = {
			isa = XCBuildConfiguration;
			buildSettings = {
				ALWAYS_SEARCH_USER_PATHS = NO;
				CLANG_ANALYZER_NONNULL = YES;
				CLANG_ANALYZER_NUMBER_OBJECT_CONVERSION = YES_AGGRESSIVE;
				CLANG_CXX_LANGUAGE_STANDARD = "gnu++14";
				CLANG_CXX_LIBRARY = "libc++";
				CLANG_ENABLE_MODULES = YES;
				CLANG_ENABLE_OBJC_ARC = YES;
				CLANG_ENABLE_OBJC_WEAK = YES;
				CLANG_WARN_BLOCK_CAPTURE_AUTORELEASING = YES;
				CLANG_WARN_BOOL_CONVERSION = YES;
				CLANG_WARN_COMMA = YES;
				CLANG_WARN_CONSTANT_CONVERSION = YES;
				CLANG_WARN_DEPRECATED_OBJC_IMPLEMENTATIONS = YES;
				CLANG_WARN_DIRECT_OBJC_ISA_USAGE = YES_ERROR;
				CLANG_WARN_DOCUMENTATION_COMMENTS = YES;
				CLANG_WARN_EMPTY_BODY = YES;
				CLANG_WARN_ENUM_CONVERSION = YES;
				CLANG_WARN_INFINITE_RECURSION = YES;
				CLANG_WARN_INT_CONVERSION = YES;
				CLANG_WARN_NON_LITERAL_NULL_CONVERSION = YES;
				CLANG_WARN_OBJC_IMPLICIT_RETAIN_SELF = YES;
				CLANG_WARN_OBJC_LITERAL_CONVERSION = YES;
				CLANG_WARN_OBJC_ROOT_CLASS = YES_ERROR;
				CLANG_WARN_QUOTED_INCLUDE_IN_FRAMEWORK_HEADER = YES;
				CLANG_WARN_RANGE_LOOP_ANALYSIS = YES;
				CLANG_WARN_STRICT_PROTOTYPES = YES;
				CLANG_WARN_SUSPICIOUS_MOVE = YES;
				CLANG_WARN_UNGUARDED_AVAILABILITY = YES_AGGRESSIVE;
				CLANG_WARN_UNREACHABLE_CODE = YES;
				CLANG_WARN__DUPLICATE_METHOD_MATCH = YES;
				COPY_PHASE_STRIP = NO;
				DEBUG_INFORMATION_FORMAT = dwarf;
				ENABLE_STRICT_OBJC_MSGSEND = YES;
				ENABLE_TESTABILITY = YES;
				GCC_C_LANGUAGE_STANDARD = gnu11;
				GCC_DYNAMIC_NO_PIC = NO;
				GCC_NO_COMMON_BLOCKS = YES;
				GCC_OPTIMIZATION_LEVEL = 0;
				GCC_PREPROCESSOR_DEFINITIONS = (
					"DEBUG=1",
					"$(inherited)",
				);
				GCC_WARN_64_TO_32_BIT_CONVERSION = YES;
				GCC_WARN_ABOUT_RETURN_TYPE = YES_ERROR;
				GCC_WARN_UNDECLARED_SELECTOR = YES;
				GCC_WARN_UNINITIALIZED_AUTOS = YES_AGGRESSIVE;
				GCC_WARN_UNUSED_FUNCTION = YES;
				GCC_WARN_UNUSED_VARIABLE = YES;
				IPHONEOS_DEPLOYMENT_TARGET = 14.1;
				MTL_ENABLE_DEBUG_INFO = INCLUDE_SOURCE;
				MTL_FAST_MATH = YES;
				ONLY_ACTIVE_ARCH = YES;
				SDKROOT = iphoneos;
				SWIFT_ACTIVE_COMPILATION_CONDITIONS = DEBUG;
				SWIFT_OPTIMIZATION_LEVEL = "-Onone";
			};
			name = Debug;
		};
		7FFF0BED269C386E00355406 /* Release */ = {
			isa = XCBuildConfiguration;
			buildSettings = {
				ALWAYS_SEARCH_USER_PATHS = NO;
				CLANG_ANALYZER_NONNULL = YES;
				CLANG_ANALYZER_NUMBER_OBJECT_CONVERSION = YES_AGGRESSIVE;
				CLANG_CXX_LANGUAGE_STANDARD = "gnu++14";
				CLANG_CXX_LIBRARY = "libc++";
				CLANG_ENABLE_MODULES = YES;
				CLANG_ENABLE_OBJC_ARC = YES;
				CLANG_ENABLE_OBJC_WEAK = YES;
				CLANG_WARN_BLOCK_CAPTURE_AUTORELEASING = YES;
				CLANG_WARN_BOOL_CONVERSION = YES;
				CLANG_WARN_COMMA = YES;
				CLANG_WARN_CONSTANT_CONVERSION = YES;
				CLANG_WARN_DEPRECATED_OBJC_IMPLEMENTATIONS = YES;
				CLANG_WARN_DIRECT_OBJC_ISA_USAGE = YES_ERROR;
				CLANG_WARN_DOCUMENTATION_COMMENTS = YES;
				CLANG_WARN_EMPTY_BODY = YES;
				CLANG_WARN_ENUM_CONVERSION = YES;
				CLANG_WARN_INFINITE_RECURSION = YES;
				CLANG_WARN_INT_CONVERSION = YES;
				CLANG_WARN_NON_LITERAL_NULL_CONVERSION = YES;
				CLANG_WARN_OBJC_IMPLICIT_RETAIN_SELF = YES;
				CLANG_WARN_OBJC_LITERAL_CONVERSION = YES;
				CLANG_WARN_OBJC_ROOT_CLASS = YES_ERROR;
				CLANG_WARN_QUOTED_INCLUDE_IN_FRAMEWORK_HEADER = YES;
				CLANG_WARN_RANGE_LOOP_ANALYSIS = YES;
				CLANG_WARN_STRICT_PROTOTYPES = YES;
				CLANG_WARN_SUSPICIOUS_MOVE = YES;
				CLANG_WARN_UNGUARDED_AVAILABILITY = YES_AGGRESSIVE;
				CLANG_WARN_UNREACHABLE_CODE = YES;
				CLANG_WARN__DUPLICATE_METHOD_MATCH = YES;
				COPY_PHASE_STRIP = NO;
				DEBUG_INFORMATION_FORMAT = "dwarf-with-dsym";
				ENABLE_NS_ASSERTIONS = NO;
				ENABLE_STRICT_OBJC_MSGSEND = YES;
				GCC_C_LANGUAGE_STANDARD = gnu11;
				GCC_NO_COMMON_BLOCKS = YES;
				GCC_WARN_64_TO_32_BIT_CONVERSION = YES;
				GCC_WARN_ABOUT_RETURN_TYPE = YES_ERROR;
				GCC_WARN_UNDECLARED_SELECTOR = YES;
				GCC_WARN_UNINITIALIZED_AUTOS = YES_AGGRESSIVE;
				GCC_WARN_UNUSED_FUNCTION = YES;
				GCC_WARN_UNUSED_VARIABLE = YES;
				IPHONEOS_DEPLOYMENT_TARGET = 14.1;
				MTL_ENABLE_DEBUG_INFO = NO;
				MTL_FAST_MATH = YES;
				SDKROOT = iphoneos;
				SWIFT_COMPILATION_MODE = wholemodule;
				SWIFT_OPTIMIZATION_LEVEL = "-O";
				VALIDATE_PRODUCT = YES;
			};
			name = Release;
		};
		7FFF0BEF269C386E00355406 /* Debug */ = {
			isa = XCBuildConfiguration;
			buildSettings = {
				ASSETCATALOG_COMPILER_APPICON_NAME = AppIcon;
				ASSETCATALOG_COMPILER_GLOBAL_ACCENT_COLOR_NAME = AccentColor;
				CODE_SIGN_STYLE = Automatic;
				DEVELOPMENT_TEAM = 9989GJ5CQB;
				INFOPLIST_FILE = "Task 1/Info.plist";
				LD_RUNPATH_SEARCH_PATHS = (
					"$(inherited)",
					"@executable_path/Frameworks",
				);
				PRODUCT_BUNDLE_IDENTIFIER = "com.rea.ISOM.Task-1";
				PRODUCT_NAME = "$(TARGET_NAME)";
				SWIFT_VERSION = 5.0;
				TARGETED_DEVICE_FAMILY = "1,2";
			};
			name = Debug;
		};
		7FFF0BF0269C386E00355406 /* Release */ = {
			isa = XCBuildConfiguration;
			buildSettings = {
				ASSETCATALOG_COMPILER_APPICON_NAME = AppIcon;
				ASSETCATALOG_COMPILER_GLOBAL_ACCENT_COLOR_NAME = AccentColor;
				CODE_SIGN_STYLE = Automatic;
				DEVELOPMENT_TEAM = 9989GJ5CQB;
				INFOPLIST_FILE = "Task 1/Info.plist";
				LD_RUNPATH_SEARCH_PATHS = (
					"$(inherited)",
					"@executable_path/Frameworks",
				);
				PRODUCT_BUNDLE_IDENTIFIER = "com.rea.ISOM.Task-1";
				PRODUCT_NAME = "$(TARGET_NAME)";
				SWIFT_VERSION = 5.0;
				TARGETED_DEVICE_FAMILY = "1,2";
			};
			name = Release;
		};
/* End XCBuildConfiguration section */

/* Begin XCConfigurationList section */
		7FFF0BD5269C386200355406 /* Build configuration list for PBXProject "Task 1" */ = {
			isa = XCConfigurationList;
			buildConfigurations = (
				7FFF0BEC269C386E00355406 /* Debug */,
				7FFF0BED269C386E00355406 /* Release */,
			);
			defaultConfigurationIsVisible = 0;
			defaultConfigurationName = Release;
		};
		7FFF0BEE269C386E00355406 /* Build configuration list for PBXNativeTarget "Task 1" */ = {
			isa = XCConfigurationList;
			buildConfigurations = (
				7FFF0BEF269C386E00355406 /* Debug */,
				7FFF0BF0269C386E00355406 /* Release */,
			);
			defaultConfigurationIsVisible = 0;
			defaultConfigurationName = Release;
		};
/* End XCConfigurationList section */
	};
	rootObject = 7FFF0BD2269C386200355406 /* Project object */;
}
